
Microsoft Visual Studio Solution File, Format Version 12.00
# Visual Studio 2012
Project("{FAE04EC0-301F-11D3-BF4B-00C04F79EFBC}") = "dualback", "dualback\dualback.csproj", "{88B10E0E-21F2-44BA-97BD-BF3C6724C1D2}"
EndProject
Project("{FAE04EC0-301F-11D3-BF4B-00C04F79EFBC}") = "dualback.Domain", "dualback.Domain\dualback.Domain.csproj", "{E9CD4243-630A-4658-BA78-582044A5C033}"
EndProject
Global
	GlobalSection(SolutionConfigurationPlatforms) = preSolution
		Debug|Any CPU = Debug|Any CPU
		Release|Any CPU = Release|Any CPU
	EndGlobalSection
	GlobalSection(ProjectConfigurationPlatforms) = postSolution
		{88B10E0E-21F2-44BA-97BD-BF3C6724C1D2}.Debug|Any CPU.ActiveCfg = Debug|Any CPU
		{88B10E0E-21F2-44BA-97BD-BF3C6724C1D2}.Debug|Any CPU.Build.0 = Debug|Any CPU
		{88B10E0E-21F2-44BA-97BD-BF3C6724C1D2}.Release|Any CPU.ActiveCfg = Release|Any CPU
		{88B10E0E-21F2-44BA-97BD-BF3C6724C1D2}.Release|Any CPU.Build.0 = Release|Any CPU
		{E9CD4243-630A-4658-BA78-582044A5C033}.Debug|Any CPU.ActiveCfg = Debug|Any CPU
		{E9CD4243-630A-4658-BA78-582044A5C033}.Debug|Any CPU.Build.0 = Debug|Any CPU
		{E9CD4243-630A-4658-BA78-582044A5C033}.Release|Any CPU.ActiveCfg = Release|Any CPU
		{E9CD4243-630A-4658-BA78-582044A5C033}.Release|Any CPU.Build.0 = Release|Any CPU
	EndGlobalSection
	GlobalSection(SolutionProperties) = preSolution
		HideSolutionNode = FALSE
	EndGlobalSection
EndGlobal
